
Microsoft Visual Studio Solution File, Format Version 11.00
# Visual Studio 2010
Project("{FAE04EC0-301F-11D3-BF4B-00C04F79EFBC}") = "VRC.SDKBase", "VRC.SDKBase.csproj", "{461A4AD8-88D2-7A6D-2AD8-5160B2662DB4}"
EndProject
Project("{FAE04EC0-301F-11D3-BF4B-00C04F79EFBC}") = "VRC.Udon.Serialization.OdinSerializer", "VRC.Udon.Serialization.OdinSerializer.csproj", "{C7317267-6D47-1B2E-636E-17C60E1B3AB0}"
EndProject
Project("{FAE04EC0-301F-11D3-BF4B-00C04F79EFBC}") = "UniTask", "UniTask.csproj", "{F66E4C07-6B24-F7FB-4046-4A55E2CB1080}"
EndProject
Project("{FAE04EC0-301F-11D3-BF4B-00C04F79EFBC}") = "UdonSharp.Runtime", "UdonSharp.Runtime.csproj", "{52415C28-A0A7-406F-3A11-67976AFDB94B}"
EndProject
Project("{FAE04EC0-301F-11D3-BF4B-00C04F79EFBC}") = "VRC.Udon", "VRC.Udon.csproj", "{8F8909E7-27B1-789A-C81E-3C674AD32B17}"
EndProject
Project("{FAE04EC0-301F-11D3-BF4B-00C04F79EFBC}") = "UniTask.Linq", "UniTask.Linq.csproj", "{CD584B26-2E83-DADD-7115-86DA2DB5CAF8}"
EndProject
Project("{FAE04EC0-301F-11D3-BF4B-00C04F79EFBC}") = "VRC.ClientSim", "VRC.ClientSim.csproj", "{274F67BF-F007-346F-F5A1-B2F7AB75C1D1}"
EndProject
Project("{FAE04EC0-301F-11D3-BF4B-00C04F79EFBC}") = "Assembly-CSharp", "Assembly-CSharp.csproj", "{A400791A-C19B-2C58-7E86-7D591D68F32E}"
EndProject
Project("{FAE04EC0-301F-11D3-BF4B-00C04F79EFBC}") = "VRC.SDK3", "VRC.SDK3.csproj", "{0C50533B-3595-6049-7C3F-30AD9692817C}"
EndProject
Project("{FAE04EC0-301F-11D3-BF4B-00C04F79EFBC}") = "UdonSharp.Lib", "UdonSharp.Lib.csproj", "{1233F8D6-03EF-1B0F-B252-6AC4663DE030}"
EndProject
Project("{FAE04EC0-301F-11D3-BF4B-00C04F79EFBC}") = "VRC.SDKBase.Editor.BuildPipeline", "VRC.SDKBase.Editor.BuildPipeline.csproj", "{A6DC0489-E588-5F70-A2D3-2B192D002503}"
EndProject
Project("{FAE04EC0-301F-11D3-BF4B-00C04F79EFBC}") = "UniTask.TextMeshPro", "UniTask.TextMeshPro.csproj", "{D7FFFCC5-ECC8-A8D9-0F3E-779F9D0885A4}"
EndProject
Project("{FAE04EC0-301F-11D3-BF4B-00C04F79EFBC}") = "UniTask.DOTween", "UniTask.DOTween.csproj", "{609D9161-CDCD-C316-BE66-F8C8ED50FEC1}"
EndProject
Project("{FAE04EC0-301F-11D3-BF4B-00C04F79EFBC}") = "UniTask.Addressables", "UniTask.Addressables.csproj", "{407FFF95-9DFE-E5EF-68AE-8DB7129287F9}"
EndProject
Project("{FAE04EC0-301F-11D3-BF4B-00C04F79EFBC}") = "UdonSharp.Editor", "UdonSharp.Editor.csproj", "{11C0D0B7-02D2-8F3C-CCF8-395DADE6E0EF}"
EndProject
Project("{FAE04EC0-301F-11D3-BF4B-00C04F79EFBC}") = "VRC.SDKBase.Editor", "VRC.SDKBase.Editor.csproj", "{85BE94CB-39C4-4B0E-CD1C-95A89357749F}"
EndProject
Project("{FAE04EC0-301F-11D3-BF4B-00C04F79EFBC}") = "VRC.Udon.Editor", "VRC.Udon.Editor.csproj", "{208C1D3D-A313-F45D-463D-BB70F9C4C233}"
EndProject
Project("{FAE04EC0-301F-11D3-BF4B-00C04F79EFBC}") = "VRC.SDK3.Editor", "VRC.SDK3.Editor.csproj", "{A0E2442F-9B24-C7BC-D905-E666C3C05982}"
EndProject
Project("{FAE04EC0-301F-11D3-BF4B-00C04F79EFBC}") = "UnityEditorTests", "UnityEditorTests.csproj", "{2EF94607-39FF-30EA-02B6-78B0DD985B28}"
EndProject
Project("{FAE04EC0-301F-11D3-BF4B-00C04F79EFBC}") = "VRC.SDKBase.Editor.ShaderStripping", "VRC.SDKBase.Editor.ShaderStripping.csproj", "{54F71874-843C-FCF4-2557-BAF80FE9BA7E}"
EndProject
Project("{FAE04EC0-301F-11D3-BF4B-00C04F79EFBC}") = "com.vrchat.core.vpm-resolver.Editor", "com.vrchat.core.vpm-resolver.Editor.csproj", "{46121D70-A5EC-4A5B-AFD6-E3539868D5E8}"
EndProject
Project("{FAE04EC0-301F-11D3-BF4B-00C04F79EFBC}") = "VRC.ClientSim.Editor", "VRC.ClientSim.Editor.csproj", "{1AE50948-3917-C844-40A7-102946FE1E01}"
EndProject
Project("{FAE04EC0-301F-11D3-BF4B-00C04F79EFBC}") = "UniTask.Editor", "UniTask.Editor.csproj", "{8C44B7DD-DB41-3E38-1DB8-CB71269DE568}"
EndProject
Project("{FAE04EC0-301F-11D3-BF4B-00C04F79EFBC}") = "Assembly-CSharp-Editor", "Assembly-CSharp-Editor.csproj", "{86185129-B420-166A-B2F9-DA991156F7AB}"
EndProject
Global
	GlobalSection(SolutionConfigurationPlatforms) = preSolution
		Debug|Any CPU = Debug|Any CPU
		Release|Any CPU = Release|Any CPU
	EndGlobalSection
	GlobalSection(ProjectConfigurationPlatforms) = postSolution
		{461A4AD8-88D2-7A6D-2AD8-5160B2662DB4}.Debug|Any CPU.ActiveCfg = Debug|Any CPU
		{461A4AD8-88D2-7A6D-2AD8-5160B2662DB4}.Debug|Any CPU.Build.0 = Debug|Any CPU
		{461A4AD8-88D2-7A6D-2AD8-5160B2662DB4}.Release|Any CPU.ActiveCfg = Release|Any CPU
		{461A4AD8-88D2-7A6D-2AD8-5160B2662DB4}.Release|Any CPU.Build.0 = Release|Any CPU
		{C7317267-6D47-1B2E-636E-17C60E1B3AB0}.Debug|Any CPU.ActiveCfg = Debug|Any CPU
		{C7317267-6D47-1B2E-636E-17C60E1B3AB0}.Debug|Any CPU.Build.0 = Debug|Any CPU
		{C7317267-6D47-1B2E-636E-17C60E1B3AB0}.Release|Any CPU.ActiveCfg = Release|Any CPU
		{C7317267-6D47-1B2E-636E-17C60E1B3AB0}.Release|Any CPU.Build.0 = Release|Any CPU
		{F66E4C07-6B24-F7FB-4046-4A55E2CB1080}.Debug|Any CPU.ActiveCfg = Debug|Any CPU
		{F66E4C07-6B24-F7FB-4046-4A55E2CB1080}.Debug|Any CPU.Build.0 = Debug|Any CPU
		{F66E4C07-6B24-F7FB-4046-4A55E2CB1080}.Release|Any CPU.ActiveCfg = Release|Any CPU
		{F66E4C07-6B24-F7FB-4046-4A55E2CB1080}.Release|Any CPU.Build.0 = Release|Any CPU
		{52415C28-A0A7-406F-3A11-67976AFDB94B}.Debug|Any CPU.ActiveCfg = Debug|Any CPU
		{52415C28-A0A7-406F-3A11-67976AFDB94B}.Debug|Any CPU.Build.0 = Debug|Any CPU
		{52415C28-A0A7-406F-3A11-67976AFDB94B}.Release|Any CPU.ActiveCfg = Release|Any CPU
		{52415C28-A0A7-406F-3A11-67976AFDB94B}.Release|Any CPU.Build.0 = Release|Any CPU
		{8F8909E7-27B1-789A-C81E-3C674AD32B17}.Debug|Any CPU.ActiveCfg = Debug|Any CPU
		{8F8909E7-27B1-789A-C81E-3C674AD32B17}.Debug|Any CPU.Build.0 = Debug|Any CPU
		{8F8909E7-27B1-789A-C81E-3C674AD32B17}.Release|Any CPU.ActiveCfg = Release|Any CPU
		{8F8909E7-27B1-789A-C81E-3C674AD32B17}.Release|Any CPU.Build.0 = Release|Any CPU
		{CD584B26-2E83-DADD-7115-86DA2DB5CAF8}.Debug|Any CPU.ActiveCfg = Debug|Any CPU
		{CD584B26-2E83-DADD-7115-86DA2DB5CAF8}.Debug|Any CPU.Build.0 = Debug|Any CPU
		{CD584B26-2E83-DADD-7115-86DA2DB5CAF8}.Release|Any CPU.ActiveCfg = Release|Any CPU
		{CD584B26-2E83-DADD-7115-86DA2DB5CAF8}.Release|Any CPU.Build.0 = Release|Any CPU
		{274F67BF-F007-346F-F5A1-B2F7AB75C1D1}.Debug|Any CPU.ActiveCfg = Debug|Any CPU
		{274F67BF-F007-346F-F5A1-B2F7AB75C1D1}.Debug|Any CPU.Build.0 = Debug|Any CPU
		{274F67BF-F007-346F-F5A1-B2F7AB75C1D1}.Release|Any CPU.ActiveCfg = Release|Any CPU
		{274F67BF-F007-346F-F5A1-B2F7AB75C1D1}.Release|Any CPU.Build.0 = Release|Any CPU
		{A400791A-C19B-2C58-7E86-7D591D68F32E}.Debug|Any CPU.ActiveCfg = Debug|Any CPU
		{A400791A-C19B-2C58-7E86-7D591D68F32E}.Debug|Any CPU.Build.0 = Debug|Any CPU
		{A400791A-C19B-2C58-7E86-7D591D68F32E}.Release|Any CPU.ActiveCfg = Release|Any CPU
		{A400791A-C19B-2C58-7E86-7D591D68F32E}.Release|Any CPU.Build.0 = Release|Any CPU
		{0C50533B-3595-6049-7C3F-30AD9692817C}.Debug|Any CPU.ActiveCfg = Debug|Any CPU
		{0C50533B-3595-6049-7C3F-30AD9692817C}.Debug|Any CPU.Build.0 = Debug|Any CPU
		{0C50533B-3595-6049-7C3F-30AD9692817C}.Release|Any CPU.ActiveCfg = Release|Any CPU
		{0C50533B-3595-6049-7C3F-30AD9692817C}.Release|Any CPU.Build.0 = Release|Any CPU
		{1233F8D6-03EF-1B0F-B252-6AC4663DE030}.Debug|Any CPU.ActiveCfg = Debug|Any CPU
		{1233F8D6-03EF-1B0F-B252-6AC4663DE030}.Debug|Any CPU.Build.0 = Debug|Any CPU
		{1233F8D6-03EF-1B0F-B252-6AC4663DE030}.Release|Any CPU.ActiveCfg = Release|Any CPU
		{1233F8D6-03EF-1B0F-B252-6AC4663DE030}.Release|Any CPU.Build.0 = Release|Any CPU
		{A6DC0489-E588-5F70-A2D3-2B192D002503}.Debug|Any CPU.ActiveCfg = Debug|Any CPU
		{A6DC0489-E588-5F70-A2D3-2B192D002503}.Debug|Any CPU.Build.0 = Debug|Any CPU
		{A6DC0489-E588-5F70-A2D3-2B192D002503}.Release|Any CPU.ActiveCfg = Release|Any CPU
		{A6DC0489-E588-5F70-A2D3-2B192D002503}.Release|Any CPU.Build.0 = Release|Any CPU
		{D7FFFCC5-ECC8-A8D9-0F3E-779F9D0885A4}.Debug|Any CPU.ActiveCfg = Debug|Any CPU
		{D7FFFCC5-ECC8-A8D9-0F3E-779F9D0885A4}.Debug|Any CPU.Build.0 = Debug|Any CPU
		{D7FFFCC5-ECC8-A8D9-0F3E-779F9D0885A4}.Release|Any CPU.ActiveCfg = Release|Any CPU
		{D7FFFCC5-ECC8-A8D9-0F3E-779F9D0885A4}.Release|Any CPU.Build.0 = Release|Any CPU
		{609D9161-CDCD-C316-BE66-F8C8ED50FEC1}.Debug|Any CPU.ActiveCfg = Debug|Any CPU
		{609D9161-CDCD-C316-BE66-F8C8ED50FEC1}.Debug|Any CPU.Build.0 = Debug|Any CPU
		{609D9161-CDCD-C316-BE66-F8C8ED50FEC1}.Release|Any CPU.ActiveCfg = Release|Any CPU
		{609D9161-CDCD-C316-BE66-F8C8ED50FEC1}.Release|Any CPU.Build.0 = Release|Any CPU
		{407FFF95-9DFE-E5EF-68AE-8DB7129287F9}.Debug|Any CPU.ActiveCfg = Debug|Any CPU
		{407FFF95-9DFE-E5EF-68AE-8DB7129287F9}.Debug|Any CPU.Build.0 = Debug|Any CPU
		{407FFF95-9DFE-E5EF-68AE-8DB7129287F9}.Release|Any CPU.ActiveCfg = Release|Any CPU
		{407FFF95-9DFE-E5EF-68AE-8DB7129287F9}.Release|Any CPU.Build.0 = Release|Any CPU
		{11C0D0B7-02D2-8F3C-CCF8-395DADE6E0EF}.Debug|Any CPU.ActiveCfg = Debug|Any CPU
		{11C0D0B7-02D2-8F3C-CCF8-395DADE6E0EF}.Debug|Any CPU.Build.0 = Debug|Any CPU
		{11C0D0B7-02D2-8F3C-CCF8-395DADE6E0EF}.Release|Any CPU.ActiveCfg = Release|Any CPU
		{11C0D0B7-02D2-8F3C-CCF8-395DADE6E0EF}.Release|Any CPU.Build.0 = Release|Any CPU
		{85BE94CB-39C4-4B0E-CD1C-95A89357749F}.Debug|Any CPU.ActiveCfg = Debug|Any CPU
		{85BE94CB-39C4-4B0E-CD1C-95A89357749F}.Debug|Any CPU.Build.0 = Debug|Any CPU
		{85BE94CB-39C4-4B0E-CD1C-95A89357749F}.Release|Any CPU.ActiveCfg = Release|Any CPU
		{85BE94CB-39C4-4B0E-CD1C-95A89357749F}.Release|Any CPU.Build.0 = Release|Any CPU
		{208C1D3D-A313-F45D-463D-BB70F9C4C233}.Debug|Any CPU.ActiveCfg = Debug|Any CPU
		{208C1D3D-A313-F45D-463D-BB70F9C4C233}.Debug|Any CPU.Build.0 = Debug|Any CPU
		{208C1D3D-A313-F45D-463D-BB70F9C4C233}.Release|Any CPU.ActiveCfg = Release|Any CPU
		{208C1D3D-A313-F45D-463D-BB70F9C4C233}.Release|Any CPU.Build.0 = Release|Any CPU
		{A0E2442F-9B24-C7BC-D905-E666C3C05982}.Debug|Any CPU.ActiveCfg = Debug|Any CPU
		{A0E2442F-9B24-C7BC-D905-E666C3C05982}.Debug|Any CPU.Build.0 = Debug|Any CPU
		{A0E2442F-9B24-C7BC-D905-E666C3C05982}.Release|Any CPU.ActiveCfg = Release|Any CPU
		{A0E2442F-9B24-C7BC-D905-E666C3C05982}.Release|Any CPU.Build.0 = Release|Any CPU
		{2EF94607-39FF-30EA-02B6-78B0DD985B28}.Debug|Any CPU.ActiveCfg = Debug|Any CPU
		{2EF94607-39FF-30EA-02B6-78B0DD985B28}.Debug|Any CPU.Build.0 = Debug|Any CPU
		{2EF94607-39FF-30EA-02B6-78B0DD985B28}.Release|Any CPU.ActiveCfg = Release|Any CPU
		{2EF94607-39FF-30EA-02B6-78B0DD985B28}.Release|Any CPU.Build.0 = Release|Any CPU
		{54F71874-843C-FCF4-2557-BAF80FE9BA7E}.Debug|Any CPU.ActiveCfg = Debug|Any CPU
		{54F71874-843C-FCF4-2557-BAF80FE9BA7E}.Debug|Any CPU.Build.0 = Debug|Any CPU
		{54F71874-843C-FCF4-2557-BAF80FE9BA7E}.Release|Any CPU.ActiveCfg = Release|Any CPU
		{54F71874-843C-FCF4-2557-BAF80FE9BA7E}.Release|Any CPU.Build.0 = Release|Any CPU
		{46121D70-A5EC-4A5B-AFD6-E3539868D5E8}.Debug|Any CPU.ActiveCfg = Debug|Any CPU
		{46121D70-A5EC-4A5B-AFD6-E3539868D5E8}.Debug|Any CPU.Build.0 = Debug|Any CPU
		{46121D70-A5EC-4A5B-AFD6-E3539868D5E8}.Release|Any CPU.ActiveCfg = Release|Any CPU
		{46121D70-A5EC-4A5B-AFD6-E3539868D5E8}.Release|Any CPU.Build.0 = Release|Any CPU
		{1AE50948-3917-C844-40A7-102946FE1E01}.Debug|Any CPU.ActiveCfg = Debug|Any CPU
		{1AE50948-3917-C844-40A7-102946FE1E01}.Debug|Any CPU.Build.0 = Debug|Any CPU
		{1AE50948-3917-C844-40A7-102946FE1E01}.Release|Any CPU.ActiveCfg = Release|Any CPU
		{1AE50948-3917-C844-40A7-102946FE1E01}.Release|Any CPU.Build.0 = Release|Any CPU
		{8C44B7DD-DB41-3E38-1DB8-CB71269DE568}.Debug|Any CPU.ActiveCfg = Debug|Any CPU
		{8C44B7DD-DB41-3E38-1DB8-CB71269DE568}.Debug|Any CPU.Build.0 = Debug|Any CPU
		{8C44B7DD-DB41-3E38-1DB8-CB71269DE568}.Release|Any CPU.ActiveCfg = Release|Any CPU
		{8C44B7DD-DB41-3E38-1DB8-CB71269DE568}.Release|Any CPU.Build.0 = Release|Any CPU
		{86185129-B420-166A-B2F9-DA991156F7AB}.Debug|Any CPU.ActiveCfg = Debug|Any CPU
		{86185129-B420-166A-B2F9-DA991156F7AB}.Debug|Any CPU.Build.0 = Debug|Any CPU
		{86185129-B420-166A-B2F9-DA991156F7AB}.Release|Any CPU.ActiveCfg = Release|Any CPU
		{86185129-B420-166A-B2F9-DA991156F7AB}.Release|Any CPU.Build.0 = Release|Any CPU
	EndGlobalSection
	GlobalSection(SolutionProperties) = preSolution
		HideSolutionNode = FALSE
	EndGlobalSection
EndGlobal
